{
  "originHash" : "7047f0e9e2730eb90331ae01d808f28f0ee3cae0b2fad597b29c5e7e62f500af",
  "pins" : [
    {
      "identity" : "protocol",
      "kind" : "remoteSourceControl",
      "location" : "https://github.com/ensomi-labs/protocol.git",
      "state" : {
        "revision" : "2157297fb10b6cb156469ef91dc7fbc76546ef9b",
        "version" : "0.1.0"
      }
    },
    {
      "identity" : "sonalign",
      "kind" : "remoteSourceControl",
      "location" : "https://github.com/ensomi-labs/sonalign",
      "state" : {
        "revision" : "79a2a519f533624f74e4806e5156e93aa02eba0c",
        "version" : "0.1.0"
      }
    },
    {
      "identity" : "swift-protobuf",
      "kind" : "remoteSourceControl",
      "location" : "https://github.com/apple/swift-protobuf.git",
      "state" : {
        "revision" : "f6506eaa86ed2e01cb0ae14a75035b7fdbf0918f",
        "version" : "1.38.0"
      }
    }
  ],
  "version" : 3
}
